
Microsoft Visual Studio Solution File, Format Version 12.00
# Visual Studio Version 17
VisualStudioVersion = 17.10.34928.147
MinimumVisualStudioVersion = 10.0.40219.1
Project("{FAE04EC0-301F-11D3-BF4B-00C04F79EFBC}") = "HospitalConsoleApp", "HospitalConsoleApp.csproj", "{7C053C72-872B-4F10-BCB5-D2A77ABA9BCC}"
EndProject
Project("{FAE04EC0-301F-11D3-BF4B-00C04F79EFBC}") = "HospitalDAL", "..\HospitalDAL\HospitalDAL.csproj", "{FC5CC9AF-1CAA-4E1C-AFB4-0A16688A54EF}"
EndProject
Global
	GlobalSection(SolutionConfigurationPlatforms) = preSolution
		Debug|Any CPU = Debug|Any CPU
		Release|Any CPU = Release|Any CPU
	EndGlobalSection
	GlobalSection(ProjectConfigurationPlatforms) = postSolution
		{7C053C72-872B-4F10-BCB5-D2A77ABA9BCC}.Debug|Any CPU.ActiveCfg = Debug|Any CPU
		{7C053C72-872B-4F10-BCB5-D2A77ABA9BCC}.Debug|Any CPU.Build.0 = Debug|Any CPU
		{7C053C72-872B-4F10-BCB5-D2A77ABA9BCC}.Release|Any CPU.ActiveCfg = Release|Any CPU
		{7C053C72-872B-4F10-BCB5-D2A77ABA9BCC}.Release|Any CPU.Build.0 = Release|Any CPU
		{FC5CC9AF-1CAA-4E1C-AFB4-0A16688A54EF}.Debug|Any CPU.ActiveCfg = Debug|Any CPU
		{FC5CC9AF-1CAA-4E1C-AFB4-0A16688A54EF}.Debug|Any CPU.Build.0 = Debug|Any CPU
		{FC5CC9AF-1CAA-4E1C-AFB4-0A16688A54EF}.Release|Any CPU.ActiveCfg = Release|Any CPU
		{FC5CC9AF-1CAA-4E1C-AFB4-0A16688A54EF}.Release|Any CPU.Build.0 = Release|Any CPU
	EndGlobalSection
	GlobalSection(SolutionProperties) = preSolution
		HideSolutionNode = FALSE
	EndGlobalSection
	GlobalSection(ExtensibilityGlobals) = postSolution
		SolutionGuid = {5E8E03B2-C831-4F72-BE2E-19E22C963AA7}
	EndGlobalSection
EndGlobal
